
Microsoft Visual Studio Solution File, Format Version 12.00
# Visual Studio Version 17
VisualStudioVersion = 17.10.35027.167
MinimumVisualStudioVersion = 10.0.40219.1
Project("{FAE04EC0-301F-11D3-BF4B-00C04F79EFBC}") = "Task3", "Task3\Task3.csproj", "{1A7E7772-41F2-4FB0-898C-AD00D133D6E0}"
EndProject
Global
	GlobalSection(SolutionConfigurationPlatforms) = preSolution
		Debug|Any CPU = Debug|Any CPU
		Release|Any CPU = Release|Any CPU
	EndGlobalSection
	GlobalSection(ProjectConfigurationPlatforms) = postSolution
		{1A7E7772-41F2-4FB0-898C-AD00D133D6E0}.Debug|Any CPU.ActiveCfg = Debug|Any CPU
		{1A7E7772-41F2-4FB0-898C-AD00D133D6E0}.Debug|Any CPU.Build.0 = Debug|Any CPU
		{1A7E7772-41F2-4FB0-898C-AD00D133D6E0}.Release|Any CPU.ActiveCfg = Release|Any CPU
		{1A7E7772-41F2-4FB0-898C-AD00D133D6E0}.Release|Any CPU.Build.0 = Release|Any CPU
	EndGlobalSection
	GlobalSection(SolutionProperties) = preSolution
		HideSolutionNode = FALSE
	EndGlobalSection
	GlobalSection(ExtensibilityGlobals) = postSolution
		SolutionGuid = {10099A3B-B810-4520-B368-74E37389F631}
	EndGlobalSection
EndGlobal
